# THIS IS AN AUTOGENERATED FILE. DO NOT EDIT THIS FILE DIRECTLY.
# yarn lockfile v1


"@ngx-translate/core@^11.0.1":
  version "11.0.1"
  resolved "https://registry.yarnpkg.com/@ngx-translate/core/-/core-11.0.1.tgz#cecefad41f06368f5859dac48fec8fcc4485615f"
  integrity sha512-nBCa1ZD9fAUY/3eskP3Lql2fNg8OMrYIej1/5GRsfcutx9tG/5fZLCv9m6UCw1aS+u4uK/vXjv1ctG/FdMvaWg==
  dependencies:
    tslib "^1.9.0"

country-icons@^1.0.2:
  version "1.0.2"
  resolved "https://registry.yarnpkg.com/country-icons/-/country-icons-1.0.2.tgz#93314542194662025a26807558d7d0bd1fad338d"
  integrity sha1-kzFFQhlGYgJaJoB1WNfQvR+tM40=

tslib@^1.9.0:
  version "1.9.3"
  resolved "https://registry.yarnpkg.com/tslib/-/tslib-1.9.3.tgz#d7e4dd79245d85428c4d7e4822a79917954ca286"
  integrity sha512-4krF8scpejhaOgqzBEcGM7yDIEfi0/8+8zDRZhNZZ2kjmHJ4hv3zCbQWxoJGz1iw5U0Jl0nma13xzHXcncMavQ==
